
Microsoft Visual Studio Solution File, Format Version 12.00
# Visual Studio Version 17
VisualStudioVersion = 17.14.36603.0 d17.14
MinimumVisualStudioVersion = 10.0.40219.1
Project("{FAE04EC0-301F-11D3-BF4B-00C04F79EFBC}") = "ContravarianceExample", "ContravarianceExample\ContravarianceExample.csproj", "{815FCEC0-64F6-49C4-B972-B460A3C82781}"
EndProject
Global
	GlobalSection(SolutionConfigurationPlatforms) = preSolution
		Debug|Any CPU = Debug|Any CPU
		Release|Any CPU = Release|Any CPU
	EndGlobalSection
	GlobalSection(ProjectConfigurationPlatforms) = postSolution
		{815FCEC0-64F6-49C4-B972-B460A3C82781}.Debug|Any CPU.ActiveCfg = Debug|Any CPU
		{815FCEC0-64F6-49C4-B972-B460A3C82781}.Debug|Any CPU.Build.0 = Debug|Any CPU
		{815FCEC0-64F6-49C4-B972-B460A3C82781}.Release|Any CPU.ActiveCfg = Release|Any CPU
		{815FCEC0-64F6-49C4-B972-B460A3C82781}.Release|Any CPU.Build.0 = Release|Any CPU
	EndGlobalSection
	GlobalSection(SolutionProperties) = preSolution
		HideSolutionNode = FALSE
	EndGlobalSection
	GlobalSection(ExtensibilityGlobals) = postSolution
		SolutionGuid = {F87635B7-75DA-4738-A896-6980003FF8C1}
	EndGlobalSection
EndGlobal
